
Microsoft Visual Studio Solution File, Format Version 12.00
# Visual Studio Version 17
VisualStudioVersion = 17.4.33122.133
MinimumVisualStudioVersion = 10.0.40219.1
Project("{FAE04EC0-301F-11D3-BF4B-00C04F79EFBC}") = "HarmonicNumber", "HarmonicNumber.csproj", "{E075FD0D-624F-453D-B8C0-8B2FFC519E25}"
EndProject
Global
	GlobalSection(SolutionConfigurationPlatforms) = preSolution
		Debug|Any CPU = Debug|Any CPU
		Release|Any CPU = Release|Any CPU
	EndGlobalSection
	GlobalSection(ProjectConfigurationPlatforms) = postSolution
		{E075FD0D-624F-453D-B8C0-8B2FFC519E25}.Debug|Any CPU.ActiveCfg = Debug|Any CPU
		{E075FD0D-624F-453D-B8C0-8B2FFC519E25}.Debug|Any CPU.Build.0 = Debug|Any CPU
		{E075FD0D-624F-453D-B8C0-8B2FFC519E25}.Release|Any CPU.ActiveCfg = Release|Any CPU
		{E075FD0D-624F-453D-B8C0-8B2FFC519E25}.Release|Any CPU.Build.0 = Release|Any CPU
	EndGlobalSection
	GlobalSection(SolutionProperties) = preSolution
		HideSolutionNode = FALSE
	EndGlobalSection
	GlobalSection(ExtensibilityGlobals) = postSolution
		SolutionGuid = {89356D26-B656-4C7A-A405-B6D0790DE919}
	EndGlobalSection
EndGlobal
