
Microsoft Visual Studio Solution File, Format Version 12.00
# Visual Studio Version 17
VisualStudioVersion = 17.4.33110.190
MinimumVisualStudioVersion = 10.0.40219.1
Project("{FAE04EC0-301F-11D3-BF4B-00C04F79EFBC}") = "LargestNumberAmongThree", "LargestNumberAmongThree.csproj", "{D4605A3A-0193-4E3F-B440-8DE0CAFD5059}"
EndProject
Global
	GlobalSection(SolutionConfigurationPlatforms) = preSolution
		Debug|Any CPU = Debug|Any CPU
		Release|Any CPU = Release|Any CPU
	EndGlobalSection
	GlobalSection(ProjectConfigurationPlatforms) = postSolution
		{D4605A3A-0193-4E3F-B440-8DE0CAFD5059}.Debug|Any CPU.ActiveCfg = Debug|Any CPU
		{D4605A3A-0193-4E3F-B440-8DE0CAFD5059}.Debug|Any CPU.Build.0 = Debug|Any CPU
		{D4605A3A-0193-4E3F-B440-8DE0CAFD5059}.Release|Any CPU.ActiveCfg = Release|Any CPU
		{D4605A3A-0193-4E3F-B440-8DE0CAFD5059}.Release|Any CPU.Build.0 = Release|Any CPU
	EndGlobalSection
	GlobalSection(SolutionProperties) = preSolution
		HideSolutionNode = FALSE
	EndGlobalSection
	GlobalSection(ExtensibilityGlobals) = postSolution
		SolutionGuid = {18288CA7-B6BA-4194-8AA3-6E2DD9291B5E}
	EndGlobalSection
EndGlobal
