
Microsoft Visual Studio Solution File, Format Version 12.00
# Visual Studio Version 17
VisualStudioVersion = 17.4.33110.190
MinimumVisualStudioVersion = 10.0.40219.1
Project("{FAE04EC0-301F-11D3-BF4B-00C04F79EFBC}") = "LeapYear", "LeapYear.csproj", "{185D1ECB-5E81-4DD6-BA06-53A3B2969B1E}"
EndProject
Global
	GlobalSection(SolutionConfigurationPlatforms) = preSolution
		Debug|Any CPU = Debug|Any CPU
		Release|Any CPU = Release|Any CPU
	EndGlobalSection
	GlobalSection(ProjectConfigurationPlatforms) = postSolution
		{185D1ECB-5E81-4DD6-BA06-53A3B2969B1E}.Debug|Any CPU.ActiveCfg = Debug|Any CPU
		{185D1ECB-5E81-4DD6-BA06-53A3B2969B1E}.Debug|Any CPU.Build.0 = Debug|Any CPU
		{185D1ECB-5E81-4DD6-BA06-53A3B2969B1E}.Release|Any CPU.ActiveCfg = Release|Any CPU
		{185D1ECB-5E81-4DD6-BA06-53A3B2969B1E}.Release|Any CPU.Build.0 = Release|Any CPU
	EndGlobalSection
	GlobalSection(SolutionProperties) = preSolution
		HideSolutionNode = FALSE
	EndGlobalSection
	GlobalSection(ExtensibilityGlobals) = postSolution
		SolutionGuid = {AA19322C-9ACF-47DD-8A5B-0A1A145C912B}
	EndGlobalSection
EndGlobal
